<?xml version="1.0" encoding="utf-8"?>
<Project ToolsVersion="4.0" xmlns="http://schemas.microsoft.com/developer/msbuild/2003">
  <ItemGroup>
    <Filter Include="src">
      <UniqueIdentifier>{46ca37a8-96d2-4d32-a8ec-de5571a7c3e9}</UniqueIdentifier>
    </Filter>
    <Filter Include="src\ofxSpout">
      <UniqueIdentifier>{09ec742c-cb2e-4fd3-b6bc-080b9871e9a8}</UniqueIdentifier>
    </Filter>
    <Filter Include="libs">
      <UniqueIdentifier>{cdb49e40-687e-4ead-8531-67def09d91a8}</UniqueIdentifier>
    </Filter>
    <Filter Include="libs\SpoutSDK">
      <UniqueIdentifier>{a0cde283-a076-402b-b334-609843e069ef}</UniqueIdentifier>
    </Filter>
    <Filter Include="libs\SpoutSDK\src">
      <UniqueIdentifier>{fa477880-d443-404d-b1ec-9693cd70e72b}</UniqueIdentifier>
    </Filter>
  </ItemGroup>
  <ItemGroup>
    <ClInclude Include="..\src\ofxSpout.h">
      <Filter>src</Filter>
    </ClInclude>
    <ClInclude Include="..\src\ofxSpout\Sender.h">
      <Filter>src\ofxSpout</Filter>
    </ClInclude>
    <ClInclude Include="..\libs\SpoutSDK\src\SpoutGLDXinterop.h">
      <Filter>libs\SpoutSDK\src</Filter>
    </ClInclude>
    <ClInclude Include="..\libs\SpoutSDK\src\SpoutGLextensions.h">
      <Filter>libs\SpoutSDK\src</Filter>
    </ClInclude>
    <ClInclude Include="..\libs\SpoutSDK\src\SpoutMemoryShare.h">
      <Filter>libs\SpoutSDK\src</Filter>
    </ClInclude>
    <ClInclude Include="..\libs\SpoutSDK\src\SpoutReceiver.h">
      <Filter>libs\SpoutSDK\src</Filter>
    </ClInclude>
    <ClInclude Include="..\libs\SpoutSDK\src\SpoutSDK.h">
      <Filter>libs\SpoutSDK\src</Filter>
    </ClInclude>
    <ClInclude Include="..\libs\SpoutSDK\src\SpoutSender.h">
      <Filter>libs\SpoutSDK\src</Filter>
    </ClInclude>
    <ClInclude Include="..\libs\SpoutSDK\src\SpoutSenderNames.h">
      <Filter>libs\SpoutSDK\src</Filter>
    </ClInclude>
    <ClInclude Include="..\libs\SpoutSDK\src\SpoutSharedMemory.h">
      <Filter>libs\SpoutSDK\src</Filter>
    </ClInclude>
    <ClInclude Include="..\libs\SpoutSDK\src\Spout.h">
      <Filter>libs\SpoutSDK\src</Filter>
    </ClInclude>
    <ClInclude Include="..\libs\SpoutSDK\src\SpoutCommon.h">
      <Filter>libs\SpoutSDK\src</Filter>
    </ClInclude>
    <ClInclude Include="..\libs\SpoutSDK\src\SpoutDirectX.h">
      <Filter>libs\SpoutSDK\src</Filter>
    </ClInclude>
    <ClInclude Include="..\src\ofxSpout\Receiver.h">
      <Filter>src\ofxSpout</Filter>
    </ClInclude>
    <ClInclude Include="..\src\ofxSpout\Utils.h">
      <Filter>src\ofxSpout</Filter>
    </ClInclude>
  </ItemGroup>
  <ItemGroup>
    <ClCompile Include="..\src\ofxSpout\Sender.cpp">
      <Filter>src\ofxSpout</Filter>
    </ClCompile>
    <ClCompile Include="..\libs\SpoutSDK\src\SpoutGLextensions.cpp">
      <Filter>libs\SpoutSDK\src</Filter>
    </ClCompile>
    <ClCompile Include="..\libs\SpoutSDK\src\SpoutMemoryShare.cpp">
      <Filter>libs\SpoutSDK\src</Filter>
    </ClCompile>
    <ClCompile Include="..\libs\SpoutSDK\src\SpoutReceiver.cpp">
      <Filter>libs\SpoutSDK\src</Filter>
    </ClCompile>
    <ClCompile Include="..\libs\SpoutSDK\src\SpoutSDK.cpp">
      <Filter>libs\SpoutSDK\src</Filter>
    </ClCompile>
    <ClCompile Include="..\libs\SpoutSDK\src\SpoutSender.cpp">
      <Filter>libs\SpoutSDK\src</Filter>
    </ClCompile>
    <ClCompile Include="..\libs\SpoutSDK\src\SpoutSenderNames.cpp">
      <Filter>libs\SpoutSDK\src</Filter>
    </ClCompile>
    <ClCompile Include="..\libs\SpoutSDK\src\SpoutSharedMemory.cpp">
      <Filter>libs\SpoutSDK\src</Filter>
    </ClCompile>
    <ClCompile Include="..\libs\SpoutSDK\src\SpoutGLDXinterop.cpp">
      <Filter>libs\SpoutSDK\src</Filter>
    </ClCompile>
    <ClCompile Include="..\libs\SpoutSDK\src\SpoutDirectX.cpp">
      <Filter>libs\SpoutSDK\src</Filter>
    </ClCompile>
    <ClCompile Include="..\src\ofxSpout\Receiver.cpp">
      <Filter>src\ofxSpout</Filter>
    </ClCompile>
    <ClCompile Include="..\src\ofxSpout\Utils.cpp">
      <Filter>src\ofxSpout</Filter>
    </ClCompile>
  </ItemGroup>
</Project>